
Microsoft Visual Studio Solution File, Format Version 12.00
# Visual Studio Version 17
VisualStudioVersion = 17.4.33213.308
MinimumVisualStudioVersion = 10.0.40219.1
Project("{FAE04EC0-301F-11D3-BF4B-00C04F79EFBC}") = "Demo1", "Demo1\Demo1.csproj", "{98EE38B7-E20A-489F-890B-A5E1AEACC6BD}"
EndProject
Global
	GlobalSection(SolutionConfigurationPlatforms) = preSolution
		Debug|Any CPU = Debug|Any CPU
		Release|Any CPU = Release|Any CPU
	EndGlobalSection
	GlobalSection(ProjectConfigurationPlatforms) = postSolution
		{98EE38B7-E20A-489F-890B-A5E1AEACC6BD}.Debug|Any CPU.ActiveCfg = Debug|Any CPU
		{98EE38B7-E20A-489F-890B-A5E1AEACC6BD}.Debug|Any CPU.Build.0 = Debug|Any CPU
		{98EE38B7-E20A-489F-890B-A5E1AEACC6BD}.Release|Any CPU.ActiveCfg = Release|Any CPU
		{98EE38B7-E20A-489F-890B-A5E1AEACC6BD}.Release|Any CPU.Build.0 = Release|Any CPU
	EndGlobalSection
	GlobalSection(SolutionProperties) = preSolution
		HideSolutionNode = FALSE
	EndGlobalSection
	GlobalSection(ExtensibilityGlobals) = postSolution
		SolutionGuid = {A9067BDD-ED65-4C42-A207-12E70DF5D7C9}
	EndGlobalSection
EndGlobal
